
Microsoft Visual Studio Solution File, Format Version 12.00
# Visual Studio Version 16
VisualStudioVersion = 16.0.810.15
MinimumVisualStudioVersion = 10.0.40219.1
Project("{FAE04EC0-301F-11D3-BF4B-00C04F79EFBC}") = "CPS109_Lab03v4", "CPS109_Lab03v4\CPS109_Lab03v4.csproj", "{B8C5FE6C-7CE3-4235-A99B-72272883734B}"
EndProject
Global
	GlobalSection(SolutionConfigurationPlatforms) = preSolution
		Debug|Any CPU = Debug|Any CPU
		Release|Any CPU = Release|Any CPU
	EndGlobalSection
	GlobalSection(ProjectConfigurationPlatforms) = postSolution
		{B8C5FE6C-7CE3-4235-A99B-72272883734B}.Debug|Any CPU.ActiveCfg = Debug|Any CPU
		{B8C5FE6C-7CE3-4235-A99B-72272883734B}.Debug|Any CPU.Build.0 = Debug|Any CPU
		{B8C5FE6C-7CE3-4235-A99B-72272883734B}.Release|Any CPU.ActiveCfg = Release|Any CPU
		{B8C5FE6C-7CE3-4235-A99B-72272883734B}.Release|Any CPU.Build.0 = Release|Any CPU
	EndGlobalSection
	GlobalSection(SolutionProperties) = preSolution
		HideSolutionNode = FALSE
	EndGlobalSection
	GlobalSection(ExtensibilityGlobals) = postSolution
		SolutionGuid = {04202FBD-1FC2-45DF-AEBD-76B30B0F67BA}
	EndGlobalSection
EndGlobal
